{
  "name": "application",
  "lockfileVersion": 3,
  "requires": true,
  "packages": {
    "": {
      "dependencies": {
        "@codbex/codbex-cities": "^0.6.0",
        "@codbex/codbex-ecommerce": "^1.0.0",
        "@codbex/codbex-products": "^0.8.0",
        "@codbex/ide-branding": "^0.1.0"
      }
    },
    "node_modules/@codbex/codbex-cities": {
      "version": "0.6.0",
      "resolved": "https://npm.pkg.github.com/download/@codbex/codbex-cities/0.6.0/a220bbc9ec2dedff8c6f5140c65cdd5706df16d3",
      "integrity": "sha512-vkoK/MNSmLtgo0a4gcVafvMmf4/2iirCQctEjannvkWlHKPo5DK3RS9ptwIseY9f8qARZuFDoMmA2iTM0alxKA==",
      "dependencies": {
        "@codbex/codbex-countries": "1.0.0"
      }
    },
    "node_modules/@codbex/codbex-companies": {
      "version": "0.6.0",
      "resolved": "https://npm.pkg.github.com/download/@codbex/codbex-companies/0.6.0/8b3affd3293bbaba6f77aada7c70a39f0fb66fe6",
      "integrity": "sha512-9BnqOYCAKHkhgOZngbOX41fgrYd8dId4ovrmnUYwao5zN+48MEor9LqjPrAEHRyFlNO+ge3VvvlzJKOw6Etncw==",
      "dependencies": {
        "@codbex/codbex-cities": "0.6.0",
        "@codbex/codbex-countries": "1.0.0"
      }
    },
    "node_modules/@codbex/codbex-countries": {
      "version": "1.0.0",
      "resolved": "https://npm.pkg.github.com/download/@codbex/codbex-countries/1.0.0/df5914beba96489c5d995826ff52bbfcb58fcf79",
      "integrity": "sha512-AWaqEm9pphLbVnytGEwV2kKzNuxDt13OO0v8OBijCJVBTnFXCH39w1DIB9Q/WltJWBckNK0Vlvz6xMAT+5Qg9g=="
    },
    "node_modules/@codbex/codbex-ecommerce": {
      "version": "1.0.6",
      "resolved": "https://npm.pkg.github.com/download/@codbex/codbex-ecommerce/1.0.6/8395f862164f8d4c4dd2bb807a1595e9d25bc3b7",
      "integrity": "sha512-lAk2e0KkCu8/XHkdEJGzjmaAUHh+tMy5HTJms4XXAAYBHomFT68o87bxEtgwqWXfUnS5Bdm/ndNQcQcal3/sew==",
      "dependencies": {
        "@codbex/codbex-products": "0.8.0"
      }
    },
    "node_modules/@codbex/codbex-partners": {
      "version": "0.6.0",
      "resolved": "https://npm.pkg.github.com/download/@codbex/codbex-partners/0.6.0/db3498632e2b0abdf6e2d568bb7e91c9d6c2b3e0",
      "integrity": "sha512-deGy196ofN8IgC9von5GM/PWEDwAvq+Fq2NPGHiA6XUNTFjFLJxUL4tL15amb3CXgBzOWwy1J14XxCm7zI57mQ==",
      "dependencies": {
        "@codbex/codbex-cities": "0.6.0",
        "@codbex/codbex-countries": "1.0.0"
      }
    },
    "node_modules/@codbex/codbex-products": {
      "version": "0.8.0",
      "resolved": "https://npm.pkg.github.com/download/@codbex/codbex-products/0.8.0/68d5133ca205dfecfb60ab9f7cc3e2839a21abea",
      "integrity": "sha512-t6rkQIqUZshrzwOHC32PHHgpc5leZpLMGgI9QRF2xdcic1sstvoIKGfrPJjv/c4wIB1jUYSOST9l2DS46/0S8Q==",
      "dependencies": {
        "@codbex/codbex-companies": "0.6.0",
        "@codbex/codbex-partners": "0.6.0",
        "@codbex/codbex-uoms": "0.6.0"
      }
    },
    "node_modules/@codbex/codbex-uoms": {
      "version": "0.6.0",
      "resolved": "https://npm.pkg.github.com/download/@codbex/codbex-uoms/0.6.0/f28688ba20d972ec9cac9e15e70af20c99a68ee7",
      "integrity": "sha512-sg2ZPpw1J6ydLEWR0hBQHC6THtErqZ6NXELFs4aPjUxKI2oBxDpXHF2mZSLLJFH15JGi5koebjSM5a87Yh99Qg=="
    },
    "node_modules/@codbex/ide-branding": {
      "version": "0.1.0"
    }
  }
}
