{
  "name": "application",
  "lockfileVersion": 3,
  "requires": true,
  "packages": {
    "": {
      "dependencies": {
        "@codbex/codbex-cities": "^0.6.0",
        "@codbex/ide-branding": "^0.1.0"
      }
    },
    "node_modules/@codbex/codbex-cities": {
      "version": "0.6.0",
      "resolved": "https://npm.pkg.github.com/download/@codbex/codbex-cities/0.6.0/a220bbc9ec2dedff8c6f5140c65cdd5706df16d3",
      "integrity": "sha512-vkoK/MNSmLtgo0a4gcVafvMmf4/2iirCQctEjannvkWlHKPo5DK3RS9ptwIseY9f8qARZuFDoMmA2iTM0alxKA==",
      "dependencies": {
        "@codbex/codbex-countries": "1.0.0"
      }
    },
    "node_modules/@codbex/codbex-countries": {
      "version": "1.0.0",
      "resolved": "https://npm.pkg.github.com/download/@codbex/codbex-countries/1.0.0/df5914beba96489c5d995826ff52bbfcb58fcf79",
      "integrity": "sha512-AWaqEm9pphLbVnytGEwV2kKzNuxDt13OO0v8OBijCJVBTnFXCH39w1DIB9Q/WltJWBckNK0Vlvz6xMAT+5Qg9g=="
    },
    "node_modules/@codbex/ide-branding": {
      "version": "0.1.0"
    }
  }
}
